
Microsoft Visual Studio Solution File, Format Version 12.00
# Visual Studio 15
VisualStudioVersion = 15.0.27130.2010
MinimumVisualStudioVersion = 10.0.40219.1
Project("{FAE04EC0-301F-11D3-BF4B-00C04F79EFBC}") = "Wp", "Wp\Wp.csproj", "{A6D667F3-F33D-4601-BD2B-F8AEBA1E8A2C}"
EndProject
Global
	GlobalSection(SolutionConfigurationPlatforms) = preSolution
		Debug|Any CPU = Debug|Any CPU
		Release|Any CPU = Release|Any CPU
	EndGlobalSection
	GlobalSection(ProjectConfigurationPlatforms) = postSolution
		{A6D667F3-F33D-4601-BD2B-F8AEBA1E8A2C}.Debug|Any CPU.ActiveCfg = Debug|Any CPU
		{A6D667F3-F33D-4601-BD2B-F8AEBA1E8A2C}.Debug|Any CPU.Build.0 = Debug|Any CPU
		{A6D667F3-F33D-4601-BD2B-F8AEBA1E8A2C}.Release|Any CPU.ActiveCfg = Release|Any CPU
		{A6D667F3-F33D-4601-BD2B-F8AEBA1E8A2C}.Release|Any CPU.Build.0 = Release|Any CPU
	EndGlobalSection
	GlobalSection(SolutionProperties) = preSolution
		HideSolutionNode = FALSE
	EndGlobalSection
	GlobalSection(ExtensibilityGlobals) = postSolution
		SolutionGuid = {AF0F016D-72AE-4784-8D10-8AB894D65403}
	EndGlobalSection
EndGlobal
